// !$*UTF8*$!
{
	archiveVersion = 1;
	classes = {
	};
	objectVersion = 46;
	objects = {

/* Begin PBXBuildFile section */
		9694EB45145FEA9800E91025 /* UIKit.framework in Frameworks */ = {isa = PBXBuildFile; fileRef = 9694EB44145FEA9800E91025 /* UIKit.framework */; };
		9694EB47145FEA9800E91025 /* Foundation.framework in Frameworks */ = {isa = PBXBuildFile; fileRef = 9694EB46145FEA9800E91025 /* Foundation.framework */; };
		9694EB49145FEA9800E91025 /* CoreGraphics.framework in Frameworks */ = {isa = PBXBuildFile; fileRef = 9694EB48145FEA9800E91025 /* CoreGraphics.framework */; };
		9694EB4F145FEA9800E91025 /* InfoPlist.strings in Resources */ = {isa = PBXBuildFile; fileRef = 9694EB4D145FEA9800E91025 /* InfoPlist.strings */; };
		9694EB51145FEA9800E91025 /* main.m in Sources */ = {isa = PBXBuildFile; fileRef = 9694EB50145FEA9800E91025 /* main.m */; };
		9694EB55145FEA9800E91025 /* ABAppDelegate.m in Sources */ = {isa = PBXBuildFile; fileRef = 9694EB54145FEA9800E91025 /* ABAppDelegate.m */; };
		96DAB7861472552D0059345C /* libAppBand.a in Frameworks */ = {isa = PBXBuildFile; fileRef = 96DAB72F147254C80059345C /* libAppBand.a */; };
		96DAB7981472566F0059345C /* Icon.png in Resources */ = {isa = PBXBuildFile; fileRef = 96DAB7951472566F0059345C /* Icon.png */; };
		96DAB7991472566F0059345C /* Icon@2x.png in Resources */ = {isa = PBXBuildFile; fileRef = 96DAB7961472566F0059345C /* Icon@2x.png */; };
		96DAB79A1472566F0059345C /* iTunesArtWork in Resources */ = {isa = PBXBuildFile; fileRef = 96DAB7971472566F0059345C /* iTunesArtWork */; };
		96DAB7A614725EB90059345C /* AppBandIcon.png in Resources */ = {isa = PBXBuildFile; fileRef = 96DAB79C14725EB90059345C /* AppBandIcon.png */; };
		96DAB7A714725EB90059345C /* AppBandIcon@2x.png in Resources */ = {isa = PBXBuildFile; fileRef = 96DAB79D14725EB90059345C /* AppBandIcon@2x.png */; };
		96DAB7A814725EB90059345C /* AppBandOk.png in Resources */ = {isa = PBXBuildFile; fileRef = 96DAB79E14725EB90059345C /* AppBandOk.png */; };
		96DAB7A914725EB90059345C /* AppBandOk@2x.png in Resources */ = {isa = PBXBuildFile; fileRef = 96DAB79F14725EB90059345C /* AppBandOk@2x.png */; };
		96DAB7AA14725EB90059345C /* AppBandPushBackground.png in Resources */ = {isa = PBXBuildFile; fileRef = 96DAB7A014725EB90059345C /* AppBandPushBackground.png */; };
		96DAB7AB14725EB90059345C /* AppBandPushBackground@2x.png in Resources */ = {isa = PBXBuildFile; fileRef = 96DAB7A114725EB90059345C /* AppBandPushBackground@2x.png */; };
		96DAB7AC14725EB90059345C /* AppBandRichBackground.png in Resources */ = {isa = PBXBuildFile; fileRef = 96DAB7A214725EB90059345C /* AppBandRichBackground.png */; };
		96DAB7AD14725EB90059345C /* AppBandRichBackground@2x.png in Resources */ = {isa = PBXBuildFile; fileRef = 96DAB7A314725EB90059345C /* AppBandRichBackground@2x.png */; };
		96DAB7AE14725EB90059345C /* AppBandRichClose.png in Resources */ = {isa = PBXBuildFile; fileRef = 96DAB7A414725EB90059345C /* AppBandRichClose.png */; };
		96DAB7AF14725EB90059345C /* AppBandRichClose@2x.png in Resources */ = {isa = PBXBuildFile; fileRef = 96DAB7A514725EB90059345C /* AppBandRichClose@2x.png */; };
		96EED2B2146A1A6600F9B9B4 /* SystemConfiguration.framework in Frameworks */ = {isa = PBXBuildFile; fileRef = 96EED2B1146A1A6600F9B9B4 /* SystemConfiguration.framework */; };
		96F07BBE146CFD4A00158974 /* ABPushController.m in Sources */ = {isa = PBXBuildFile; fileRef = 96F07BBD146CFD4A00158974 /* ABPushController.m */; };
/* End PBXBuildFile section */

/* Begin PBXContainerItemProxy section */
		96DAB72E147254C80059345C /* PBXContainerItemProxy */ = {
			isa = PBXContainerItemProxy;
			containerPortal = 96DAB726147254C70059345C /* AppBand.xcodeproj */;
			proxyType = 2;
			remoteGlobalIDString = 96DAB6FC1472542F0059345C;
			remoteInfo = AppBand;
		};
		96DAB730147254C80059345C /* PBXContainerItemProxy */ = {
			isa = PBXContainerItemProxy;
			containerPortal = 96DAB726147254C70059345C /* AppBand.xcodeproj */;
			proxyType = 2;
			remoteGlobalIDString = 96DAB70C1472542F0059345C;
			remoteInfo = AppBandTests;
		};
/* End PBXContainerItemProxy section */

/* Begin PBXFileReference section */
		9694EB40145FEA9800E91025 /* ABPush.app */ = {isa = PBXFileReference; explicitFileType = wrapper.application; includeInIndex = 0; path = ABPush.app; sourceTree = BUILT_PRODUCTS_DIR; };
		9694EB44145FEA9800E91025 /* UIKit.framework */ = {isa = PBXFileReference; lastKnownFileType = wrapper.framework; name = UIKit.framework; path = System/Library/Frameworks/UIKit.framework; sourceTree = SDKROOT; };
		9694EB46145FEA9800E91025 /* Foundation.framework */ = {isa = PBXFileReference; lastKnownFileType = wrapper.framework; name = Foundation.framework; path = System/Library/Frameworks/Foundation.framework; sourceTree = SDKROOT; };
		9694EB48145FEA9800E91025 /* CoreGraphics.framework */ = {isa = PBXFileReference; lastKnownFileType = wrapper.framework; name = CoreGraphics.framework; path = System/Library/Frameworks/CoreGraphics.framework; sourceTree = SDKROOT; };
		9694EB4C145FEA9800E91025 /* ABPush-Info.plist */ = {isa = PBXFileReference; lastKnownFileType = text.plist.xml; path = "ABPush-Info.plist"; sourceTree = "<group>"; };
		9694EB4E145FEA9800E91025 /* en */ = {isa = PBXFileReference; lastKnownFileType = text.plist.strings; name = en; path = en.lproj/InfoPlist.strings; sourceTree = "<group>"; };
		9694EB50145FEA9800E91025 /* main.m */ = {isa = PBXFileReference; lastKnownFileType = sourcecode.c.objc; path = main.m; sourceTree = "<group>"; };
		9694EB52145FEA9800E91025 /* ABPush-Prefix.pch */ = {isa = PBXFileReference; lastKnownFileType = sourcecode.c.h; path = "ABPush-Prefix.pch"; sourceTree = "<group>"; };
		9694EB53145FEA9800E91025 /* ABAppDelegate.h */ = {isa = PBXFileReference; lastKnownFileType = sourcecode.c.h; path = ABAppDelegate.h; sourceTree = "<group>"; };
		9694EB54145FEA9800E91025 /* ABAppDelegate.m */ = {isa = PBXFileReference; lastKnownFileType = sourcecode.c.objc; path = ABAppDelegate.m; sourceTree = "<group>"; };
		96DAB726147254C70059345C /* AppBand.xcodeproj */ = {isa = PBXFileReference; lastKnownFileType = "wrapper.pb-project"; name = AppBand.xcodeproj; path = ../../AppBand/AppBand.xcodeproj; sourceTree = "<group>"; };
		96DAB7951472566F0059345C /* Icon.png */ = {isa = PBXFileReference; lastKnownFileType = image.png; path = Icon.png; sourceTree = "<group>"; };
		96DAB7961472566F0059345C /* Icon@2x.png */ = {isa = PBXFileReference; lastKnownFileType = image.png; path = "Icon@2x.png"; sourceTree = "<group>"; };
		96DAB7971472566F0059345C /* iTunesArtWork */ = {isa = PBXFileReference; lastKnownFileType = file; path = iTunesArtWork; sourceTree = "<group>"; };
		96DAB79C14725EB90059345C /* AppBandIcon.png */ = {isa = PBXFileReference; lastKnownFileType = image.png; path = AppBandIcon.png; sourceTree = "<group>"; };
		96DAB79D14725EB90059345C /* AppBandIcon@2x.png */ = {isa = PBXFileReference; lastKnownFileType = image.png; path = "AppBandIcon@2x.png"; sourceTree = "<group>"; };
		96DAB79E14725EB90059345C /* AppBandOk.png */ = {isa = PBXFileReference; lastKnownFileType = image.png; path = AppBandOk.png; sourceTree = "<group>"; };
		96DAB79F14725EB90059345C /* AppBandOk@2x.png */ = {isa = PBXFileReference; lastKnownFileType = image.png; path = "AppBandOk@2x.png"; sourceTree = "<group>"; };
		96DAB7A014725EB90059345C /* AppBandPushBackground.png */ = {isa = PBXFileReference; lastKnownFileType = image.png; path = AppBandPushBackground.png; sourceTree = "<group>"; };
		96DAB7A114725EB90059345C /* AppBandPushBackground@2x.png */ = {isa = PBXFileReference; lastKnownFileType = image.png; path = "AppBandPushBackground@2x.png"; sourceTree = "<group>"; };
		96DAB7A214725EB90059345C /* AppBandRichBackground.png */ = {isa = PBXFileReference; lastKnownFileType = image.png; path = AppBandRichBackground.png; sourceTree = "<group>"; };
		96DAB7A314725EB90059345C /* AppBandRichBackground@2x.png */ = {isa = PBXFileReference; lastKnownFileType = image.png; path = "AppBandRichBackground@2x.png"; sourceTree = "<group>"; };
		96DAB7A414725EB90059345C /* AppBandRichClose.png */ = {isa = PBXFileReference; lastKnownFileType = image.png; path = AppBandRichClose.png; sourceTree = "<group>"; };
		96DAB7A514725EB90059345C /* AppBandRichClose@2x.png */ = {isa = PBXFileReference; lastKnownFileType = image.png; path = "AppBandRichClose@2x.png"; sourceTree = "<group>"; };
		96EED2B1146A1A6600F9B9B4 /* SystemConfiguration.framework */ = {isa = PBXFileReference; lastKnownFileType = wrapper.framework; name = SystemConfiguration.framework; path = System/Library/Frameworks/SystemConfiguration.framework; sourceTree = SDKROOT; };
		96F07BBC146CFD4A00158974 /* ABPushController.h */ = {isa = PBXFileReference; fileEncoding = 4; lastKnownFileType = sourcecode.c.h; path = ABPushController.h; sourceTree = "<group>"; };
		96F07BBD146CFD4A00158974 /* ABPushController.m */ = {isa = PBXFileReference; fileEncoding = 4; lastKnownFileType = sourcecode.c.objc; path = ABPushController.m; sourceTree = "<group>"; };
/* End PBXFileReference section */

/* Begin PBXFrameworksBuildPhase section */
		9694EB3D145FEA9800E91025 /* Frameworks */ = {
			isa = PBXFrameworksBuildPhase;
			buildActionMask = 2147483647;
			files = (
				96DAB7861472552D0059345C /* libAppBand.a in Frameworks */,
				96EED2B2146A1A6600F9B9B4 /* SystemConfiguration.framework in Frameworks */,
				9694EB45145FEA9800E91025 /* UIKit.framework in Frameworks */,
				9694EB47145FEA9800E91025 /* Foundation.framework in Frameworks */,
				9694EB49145FEA9800E91025 /* CoreGraphics.framework in Frameworks */,
			);
			runOnlyForDeploymentPostprocessing = 0;
		};
/* End PBXFrameworksBuildPhase section */

/* Begin PBXGroup section */
		9694EB35145FEA9800E91025 = {
			isa = PBXGroup;
			children = (
				96DAB726147254C70059345C /* AppBand.xcodeproj */,
				9694EB4A145FEA9800E91025 /* ABPush */,
				9694EB43145FEA9800E91025 /* Frameworks */,
				9694EB41145FEA9800E91025 /* Products */,
			);
			sourceTree = "<group>";
		};
		9694EB41145FEA9800E91025 /* Products */ = {
			isa = PBXGroup;
			children = (
				9694EB40145FEA9800E91025 /* ABPush.app */,
			);
			name = Products;
			sourceTree = "<group>";
		};
		9694EB43145FEA9800E91025 /* Frameworks */ = {
			isa = PBXGroup;
			children = (
				96EED2B1146A1A6600F9B9B4 /* SystemConfiguration.framework */,
				9694EB44145FEA9800E91025 /* UIKit.framework */,
				9694EB46145FEA9800E91025 /* Foundation.framework */,
				9694EB48145FEA9800E91025 /* CoreGraphics.framework */,
			);
			name = Frameworks;
			sourceTree = "<group>";
		};
		9694EB4A145FEA9800E91025 /* ABPush */ = {
			isa = PBXGroup;
			children = (
				96DAB79B14725EB90059345C /* resources */,
				9694EB53145FEA9800E91025 /* ABAppDelegate.h */,
				9694EB54145FEA9800E91025 /* ABAppDelegate.m */,
				9694EB4B145FEA9800E91025 /* Supporting Files */,
				96F07BBC146CFD4A00158974 /* ABPushController.h */,
				96F07BBD146CFD4A00158974 /* ABPushController.m */,
			);
			path = ABPush;
			sourceTree = "<group>";
		};
		9694EB4B145FEA9800E91025 /* Supporting Files */ = {
			isa = PBXGroup;
			children = (
				96DAB7951472566F0059345C /* Icon.png */,
				96DAB7961472566F0059345C /* Icon@2x.png */,
				96DAB7971472566F0059345C /* iTunesArtWork */,
				9694EB4C145FEA9800E91025 /* ABPush-Info.plist */,
				9694EB4D145FEA9800E91025 /* InfoPlist.strings */,
				9694EB50145FEA9800E91025 /* main.m */,
				9694EB52145FEA9800E91025 /* ABPush-Prefix.pch */,
			);
			name = "Supporting Files";
			sourceTree = "<group>";
		};
		96DAB727147254C70059345C /* Products */ = {
			isa = PBXGroup;
			children = (
				96DAB72F147254C80059345C /* libAppBand.a */,
				96DAB731147254C80059345C /* AppBandTests.octest */,
			);
			name = Products;
			sourceTree = "<group>";
		};
		96DAB79B14725EB90059345C /* resources */ = {
			isa = PBXGroup;
			children = (
				96DAB79C14725EB90059345C /* AppBandIcon.png */,
				96DAB79D14725EB90059345C /* AppBandIcon@2x.png */,
				96DAB79E14725EB90059345C /* AppBandOk.png */,
				96DAB79F14725EB90059345C /* AppBandOk@2x.png */,
				96DAB7A014725EB90059345C /* AppBandPushBackground.png */,
				96DAB7A114725EB90059345C /* AppBandPushBackground@2x.png */,
				96DAB7A214725EB90059345C /* AppBandRichBackground.png */,
				96DAB7A314725EB90059345C /* AppBandRichBackground@2x.png */,
				96DAB7A414725EB90059345C /* AppBandRichClose.png */,
				96DAB7A514725EB90059345C /* AppBandRichClose@2x.png */,
			);
			name = resources;
			path = ../../../AppBand/resources;
			sourceTree = "<group>";
		};
/* End PBXGroup section */

/* Begin PBXNativeTarget section */
		9694EB3F145FEA9800E91025 /* ABPush */ = {
			isa = PBXNativeTarget;
			buildConfigurationList = 9694EB58145FEA9800E91025 /* Build configuration list for PBXNativeTarget "ABPush" */;
			buildPhases = (
				9694EB3C145FEA9800E91025 /* Sources */,
				9694EB3D145FEA9800E91025 /* Frameworks */,
				9694EB3E145FEA9800E91025 /* Resources */,
			);
			buildRules = (
			);
			dependencies = (
			);
			name = ABPush;
			productName = ABPush;
			productReference = 9694EB40145FEA9800E91025 /* ABPush.app */;
			productType = "com.apple.product-type.application";
		};
/* End PBXNativeTarget section */

/* Begin PBXProject section */
		9694EB37145FEA9800E91025 /* Project object */ = {
			isa = PBXProject;
			attributes = {
				LastUpgradeCheck = 0420;
			};
			buildConfigurationList = 9694EB3A145FEA9800E91025 /* Build configuration list for PBXProject "ABPush" */;
			compatibilityVersion = "Xcode 3.2";
			developmentRegion = English;
			hasScannedForEncodings = 0;
			knownRegions = (
				en,
				"zh-Hans",
			);
			mainGroup = 9694EB35145FEA9800E91025;
			productRefGroup = 9694EB41145FEA9800E91025 /* Products */;
			projectDirPath = "";
			projectReferences = (
				{
					ProductGroup = 96DAB727147254C70059345C /* Products */;
					ProjectRef = 96DAB726147254C70059345C /* AppBand.xcodeproj */;
				},
			);
			projectRoot = "";
			targets = (
				9694EB3F145FEA9800E91025 /* ABPush */,
			);
		};
/* End PBXProject section */

/* Begin PBXReferenceProxy section */
		96DAB72F147254C80059345C /* libAppBand.a */ = {
			isa = PBXReferenceProxy;
			fileType = archive.ar;
			path = libAppBand.a;
			remoteRef = 96DAB72E147254C80059345C /* PBXContainerItemProxy */;
			sourceTree = BUILT_PRODUCTS_DIR;
		};
		96DAB731147254C80059345C /* AppBandTests.octest */ = {
			isa = PBXReferenceProxy;
			fileType = wrapper.cfbundle;
			path = AppBandTests.octest;
			remoteRef = 96DAB730147254C80059345C /* PBXContainerItemProxy */;
			sourceTree = BUILT_PRODUCTS_DIR;
		};
/* End PBXReferenceProxy section */

/* Begin PBXResourcesBuildPhase section */
		9694EB3E145FEA9800E91025 /* Resources */ = {
			isa = PBXResourcesBuildPhase;
			buildActionMask = 2147483647;
			files = (
				9694EB4F145FEA9800E91025 /* InfoPlist.strings in Resources */,
				96DAB7981472566F0059345C /* Icon.png in Resources */,
				96DAB7991472566F0059345C /* Icon@2x.png in Resources */,
				96DAB79A1472566F0059345C /* iTunesArtWork in Resources */,
				96DAB7A614725EB90059345C /* AppBandIcon.png in Resources */,
				96DAB7A714725EB90059345C /* AppBandIcon@2x.png in Resources */,
				96DAB7A814725EB90059345C /* AppBandOk.png in Resources */,
				96DAB7A914725EB90059345C /* AppBandOk@2x.png in Resources */,
				96DAB7AA14725EB90059345C /* AppBandPushBackground.png in Resources */,
				96DAB7AB14725EB90059345C /* AppBandPushBackground@2x.png in Resources */,
				96DAB7AC14725EB90059345C /* AppBandRichBackground.png in Resources */,
				96DAB7AD14725EB90059345C /* AppBandRichBackground@2x.png in Resources */,
				96DAB7AE14725EB90059345C /* AppBandRichClose.png in Resources */,
				96DAB7AF14725EB90059345C /* AppBandRichClose@2x.png in Resources */,
			);
			runOnlyForDeploymentPostprocessing = 0;
		};
/* End PBXResourcesBuildPhase section */

/* Begin PBXSourcesBuildPhase section */
		9694EB3C145FEA9800E91025 /* Sources */ = {
			isa = PBXSourcesBuildPhase;
			buildActionMask = 2147483647;
			files = (
				9694EB51145FEA9800E91025 /* main.m in Sources */,
				9694EB55145FEA9800E91025 /* ABAppDelegate.m in Sources */,
				96F07BBE146CFD4A00158974 /* ABPushController.m in Sources */,
			);
			runOnlyForDeploymentPostprocessing = 0;
		};
/* End PBXSourcesBuildPhase section */

/* Begin PBXVariantGroup section */
		9694EB4D145FEA9800E91025 /* InfoPlist.strings */ = {
			isa = PBXVariantGroup;
			children = (
				9694EB4E145FEA9800E91025 /* en */,
			);
			name = InfoPlist.strings;
			sourceTree = "<group>";
		};
/* End PBXVariantGroup section */

/* Begin XCBuildConfiguration section */
		9694EB56145FEA9800E91025 /* Debug */ = {
			isa = XCBuildConfiguration;
			buildSettings = {
				ALWAYS_SEARCH_USER_PATHS = NO;
				ARCHS = "$(ARCHS_STANDARD_32_BIT)";
				"CODE_SIGN_IDENTITY[sdk=iphoneos*]" = "iPhone Developer: Jason Wang (8PM299Q2W7)";
				COPY_PHASE_STRIP = NO;
				GCC_C_LANGUAGE_STANDARD = gnu99;
				GCC_DYNAMIC_NO_PIC = NO;
				GCC_OPTIMIZATION_LEVEL = 0;
				GCC_PREPROCESSOR_DEFINITIONS = (
					"DEBUG=1",
					"$(inherited)",
				);
				GCC_SYMBOLS_PRIVATE_EXTERN = NO;
				GCC_VERSION = com.apple.compilers.llvm.clang.1_0;
				GCC_WARN_ABOUT_MISSING_PROTOTYPES = YES;
				GCC_WARN_ABOUT_RETURN_TYPE = YES;
				GCC_WARN_UNUSED_VARIABLE = YES;
				HEADER_SEARCH_PATHS = "";
				IPHONEOS_DEPLOYMENT_TARGET = 5.0;
				"PROVISIONING_PROFILE[sdk=iphoneos*]" = "27318BD8-C0A3-4214-8427-587D6318E515";
				SDKROOT = iphoneos;
			};
			name = Debug;
		};
		9694EB57145FEA9800E91025 /* Release */ = {
			isa = XCBuildConfiguration;
			buildSettings = {
				ALWAYS_SEARCH_USER_PATHS = NO;
				ARCHS = "$(ARCHS_STANDARD_32_BIT)";
				"CODE_SIGN_IDENTITY[sdk=iphoneos*]" = "iPhone Developer: Jason Wang (8PM299Q2W7)";
				COPY_PHASE_STRIP = YES;
				GCC_C_LANGUAGE_STANDARD = gnu99;
				GCC_PREPROCESSOR_DEFINITIONS = "";
				GCC_VERSION = com.apple.compilers.llvm.clang.1_0;
				GCC_WARN_ABOUT_MISSING_PROTOTYPES = YES;
				GCC_WARN_ABOUT_RETURN_TYPE = YES;
				GCC_WARN_UNUSED_VARIABLE = YES;
				HEADER_SEARCH_PATHS = "";
				IPHONEOS_DEPLOYMENT_TARGET = 5.0;
				OTHER_CFLAGS = "-DNS_BLOCK_ASSERTIONS=1";
				"PROVISIONING_PROFILE[sdk=iphoneos*]" = "27318BD8-C0A3-4214-8427-587D6318E515";
				SDKROOT = iphoneos;
				VALIDATE_PRODUCT = YES;
			};
			name = Release;
		};
		9694EB59145FEA9800E91025 /* Debug */ = {
			isa = XCBuildConfiguration;
			buildSettings = {
				FRAMEWORK_SEARCH_PATHS = (
					"$(inherited)",
					"\"$(SRCROOT)/..\"",
				);
				GCC_PRECOMPILE_PREFIX_HEADER = YES;
				GCC_PREFIX_HEADER = "ABPush/ABPush-Prefix.pch";
				HEADER_SEARCH_PATHS = (
					/Users/jason/Documents/xpg/projects/iphone/Git/appband/iOS/AppBand/AppBand/Library,
					/Users/jason/Documents/xpg/projects/iphone/Git/appband/iOS/AppBand/AppBand/Library/Common,
					/Users/jason/Documents/xpg/projects/iphone/Git/appband/iOS/AppBand/AppBand/Library/PushLib,
				);
				INFOPLIST_FILE = "ABPush/ABPush-Info.plist";
				LIBRARY_SEARCH_PATHS = "";
				PRODUCT_NAME = "$(TARGET_NAME)";
				WRAPPER_EXTENSION = app;
			};
			name = Debug;
		};
		9694EB5A145FEA9800E91025 /* Release */ = {
			isa = XCBuildConfiguration;
			buildSettings = {
				FRAMEWORK_SEARCH_PATHS = (
					"$(inherited)",
					"\"$(SRCROOT)/..\"",
				);
				GCC_PRECOMPILE_PREFIX_HEADER = YES;
				GCC_PREFIX_HEADER = "ABPush/ABPush-Prefix.pch";
				HEADER_SEARCH_PATHS = (
					/Users/jason/Documents/xpg/projects/iphone/Git/appband/iOS/AppBand/AppBand/Library,
					/Users/jason/Documents/xpg/projects/iphone/Git/appband/iOS/AppBand/AppBand/Library/Common,
					/Users/jason/Documents/xpg/projects/iphone/Git/appband/iOS/AppBand/AppBand/Library/PushLib,
				);
				INFOPLIST_FILE = "ABPush/ABPush-Info.plist";
				LIBRARY_SEARCH_PATHS = "";
				PRODUCT_NAME = "$(TARGET_NAME)";
				WRAPPER_EXTENSION = app;
			};
			name = Release;
		};
/* End XCBuildConfiguration section */

/* Begin XCConfigurationList section */
		9694EB3A145FEA9800E91025 /* Build configuration list for PBXProject "ABPush" */ = {
			isa = XCConfigurationList;
			buildConfigurations = (
				9694EB56145FEA9800E91025 /* Debug */,
				9694EB57145FEA9800E91025 /* Release */,
			);
			defaultConfigurationIsVisible = 0;
			defaultConfigurationName = Debug;
		};
		9694EB58145FEA9800E91025 /* Build configuration list for PBXNativeTarget "ABPush" */ = {
			isa = XCConfigurationList;
			buildConfigurations = (
				9694EB59145FEA9800E91025 /* Debug */,
				9694EB5A145FEA9800E91025 /* Release */,
			);
			defaultConfigurationIsVisible = 0;
			defaultConfigurationName = Debug;
		};
/* End XCConfigurationList section */
	};
	rootObject = 9694EB37145FEA9800E91025 /* Project object */;
}
