// !$*UTF8*$!
{
	archiveVersion = 1;
	classes = {
	};
	objectVersion = 46;
	objects = {

/* Begin PBXBuildFile section */
		96318F90149AEC05001F27A7 /* Foundation.framework in Frameworks */ = {isa = PBXBuildFile; fileRef = 96318F8F149AEC05001F27A7 /* Foundation.framework */; };
		96318FA2149AEC55001F27A7 /* ABPush+Private.h in Headers */ = {isa = PBXBuildFile; fileRef = 96318F9D149AEC55001F27A7 /* ABPush+Private.h */; };
		96318FA3149AEC55001F27A7 /* ABPush.h in Headers */ = {isa = PBXBuildFile; fileRef = 96318F9E149AEC55001F27A7 /* ABPush.h */; };
		96318FA4149AEC55001F27A7 /* ABPush.m in Sources */ = {isa = PBXBuildFile; fileRef = 96318F9F149AEC55001F27A7 /* ABPush.m */; };
		96318FA5149AEC55001F27A7 /* ABRichHandler.h in Headers */ = {isa = PBXBuildFile; fileRef = 96318FA0149AEC55001F27A7 /* ABRichHandler.h */; };
		96318FA6149AEC55001F27A7 /* ABRichHandler.m in Sources */ = {isa = PBXBuildFile; fileRef = 96318FA1149AEC55001F27A7 /* ABRichHandler.m */; };
		96318FA8149AEC61001F27A7 /* UIKit.framework in Frameworks */ = {isa = PBXBuildFile; fileRef = 96318FA7149AEC61001F27A7 /* UIKit.framework */; };
/* End PBXBuildFile section */

/* Begin PBXFileReference section */
		96318F8C149AEC05001F27A7 /* libABPushLib_1.0.0.a */ = {isa = PBXFileReference; explicitFileType = archive.ar; includeInIndex = 0; path = libABPushLib_1.0.0.a; sourceTree = BUILT_PRODUCTS_DIR; };
		96318F8F149AEC05001F27A7 /* Foundation.framework */ = {isa = PBXFileReference; lastKnownFileType = wrapper.framework; name = Foundation.framework; path = System/Library/Frameworks/Foundation.framework; sourceTree = SDKROOT; };
		96318F93149AEC05001F27A7 /* ABPushLib-Prefix.pch */ = {isa = PBXFileReference; lastKnownFileType = sourcecode.c.h; path = "ABPushLib-Prefix.pch"; sourceTree = "<group>"; };
		96318F9D149AEC55001F27A7 /* ABPush+Private.h */ = {isa = PBXFileReference; fileEncoding = 4; lastKnownFileType = sourcecode.c.h; path = "ABPush+Private.h"; sourceTree = "<group>"; };
		96318F9E149AEC55001F27A7 /* ABPush.h */ = {isa = PBXFileReference; fileEncoding = 4; lastKnownFileType = sourcecode.c.h; path = ABPush.h; sourceTree = "<group>"; };
		96318F9F149AEC55001F27A7 /* ABPush.m */ = {isa = PBXFileReference; fileEncoding = 4; lastKnownFileType = sourcecode.c.objc; path = ABPush.m; sourceTree = "<group>"; };
		96318FA0149AEC55001F27A7 /* ABRichHandler.h */ = {isa = PBXFileReference; fileEncoding = 4; lastKnownFileType = sourcecode.c.h; path = ABRichHandler.h; sourceTree = "<group>"; };
		96318FA1149AEC55001F27A7 /* ABRichHandler.m */ = {isa = PBXFileReference; fileEncoding = 4; lastKnownFileType = sourcecode.c.objc; path = ABRichHandler.m; sourceTree = "<group>"; };
		96318FA7149AEC61001F27A7 /* UIKit.framework */ = {isa = PBXFileReference; lastKnownFileType = wrapper.framework; name = UIKit.framework; path = System/Library/Frameworks/UIKit.framework; sourceTree = SDKROOT; };
/* End PBXFileReference section */

/* Begin PBXFrameworksBuildPhase section */
		96318F89149AEC05001F27A7 /* Frameworks */ = {
			isa = PBXFrameworksBuildPhase;
			buildActionMask = 2147483647;
			files = (
				96318FA8149AEC61001F27A7 /* UIKit.framework in Frameworks */,
				96318F90149AEC05001F27A7 /* Foundation.framework in Frameworks */,
			);
			runOnlyForDeploymentPostprocessing = 0;
		};
/* End PBXFrameworksBuildPhase section */

/* Begin PBXGroup section */
		96318F81149AEC05001F27A7 = {
			isa = PBXGroup;
			children = (
				96318F91149AEC05001F27A7 /* ABPushLib */,
				96318F8E149AEC05001F27A7 /* Frameworks */,
				96318F8D149AEC05001F27A7 /* Products */,
			);
			sourceTree = "<group>";
		};
		96318F8D149AEC05001F27A7 /* Products */ = {
			isa = PBXGroup;
			children = (
				96318F8C149AEC05001F27A7 /* libABPushLib_1.0.0.a */,
			);
			name = Products;
			sourceTree = "<group>";
		};
		96318F8E149AEC05001F27A7 /* Frameworks */ = {
			isa = PBXGroup;
			children = (
				96318FA7149AEC61001F27A7 /* UIKit.framework */,
				96318F8F149AEC05001F27A7 /* Foundation.framework */,
			);
			name = Frameworks;
			sourceTree = "<group>";
		};
		96318F91149AEC05001F27A7 /* ABPushLib */ = {
			isa = PBXGroup;
			children = (
				96318F9C149AEC55001F27A7 /* PushLib */,
				96318F92149AEC05001F27A7 /* Supporting Files */,
			);
			path = ABPushLib;
			sourceTree = "<group>";
		};
		96318F92149AEC05001F27A7 /* Supporting Files */ = {
			isa = PBXGroup;
			children = (
				96318F93149AEC05001F27A7 /* ABPushLib-Prefix.pch */,
			);
			name = "Supporting Files";
			sourceTree = "<group>";
		};
		96318F9C149AEC55001F27A7 /* PushLib */ = {
			isa = PBXGroup;
			children = (
				96318F9D149AEC55001F27A7 /* ABPush+Private.h */,
				96318F9E149AEC55001F27A7 /* ABPush.h */,
				96318F9F149AEC55001F27A7 /* ABPush.m */,
				96318FA0149AEC55001F27A7 /* ABRichHandler.h */,
				96318FA1149AEC55001F27A7 /* ABRichHandler.m */,
			);
			name = PushLib;
			path = ../../AppBand/Library/PushLib;
			sourceTree = "<group>";
		};
/* End PBXGroup section */

/* Begin PBXHeadersBuildPhase section */
		96318F8A149AEC05001F27A7 /* Headers */ = {
			isa = PBXHeadersBuildPhase;
			buildActionMask = 2147483647;
			files = (
				96318FA2149AEC55001F27A7 /* ABPush+Private.h in Headers */,
				96318FA3149AEC55001F27A7 /* ABPush.h in Headers */,
				96318FA5149AEC55001F27A7 /* ABRichHandler.h in Headers */,
			);
			runOnlyForDeploymentPostprocessing = 0;
		};
/* End PBXHeadersBuildPhase section */

/* Begin PBXNativeTarget section */
		96318F8B149AEC05001F27A7 /* ABPushLib */ = {
			isa = PBXNativeTarget;
			buildConfigurationList = 96318F99149AEC05001F27A7 /* Build configuration list for PBXNativeTarget "ABPushLib" */;
			buildPhases = (
				96318F88149AEC05001F27A7 /* Sources */,
				96318F89149AEC05001F27A7 /* Frameworks */,
				96318F8A149AEC05001F27A7 /* Headers */,
			);
			buildRules = (
			);
			dependencies = (
			);
			name = ABPushLib;
			productName = ABPushLib;
			productReference = 96318F8C149AEC05001F27A7 /* libABPushLib_1.0.0.a */;
			productType = "com.apple.product-type.library.static";
		};
/* End PBXNativeTarget section */

/* Begin PBXProject section */
		96318F83149AEC05001F27A7 /* Project object */ = {
			isa = PBXProject;
			attributes = {
				LastUpgradeCheck = 0420;
			};
			buildConfigurationList = 96318F86149AEC05001F27A7 /* Build configuration list for PBXProject "ABPushLib" */;
			compatibilityVersion = "Xcode 3.2";
			developmentRegion = English;
			hasScannedForEncodings = 0;
			knownRegions = (
				en,
			);
			mainGroup = 96318F81149AEC05001F27A7;
			productRefGroup = 96318F8D149AEC05001F27A7 /* Products */;
			projectDirPath = "";
			projectRoot = "";
			targets = (
				96318F8B149AEC05001F27A7 /* ABPushLib */,
			);
		};
/* End PBXProject section */

/* Begin PBXSourcesBuildPhase section */
		96318F88149AEC05001F27A7 /* Sources */ = {
			isa = PBXSourcesBuildPhase;
			buildActionMask = 2147483647;
			files = (
				96318FA4149AEC55001F27A7 /* ABPush.m in Sources */,
				96318FA6149AEC55001F27A7 /* ABRichHandler.m in Sources */,
			);
			runOnlyForDeploymentPostprocessing = 0;
		};
/* End PBXSourcesBuildPhase section */

/* Begin XCBuildConfiguration section */
		96318F97149AEC05001F27A7 /* Debug */ = {
			isa = XCBuildConfiguration;
			buildSettings = {
				ALWAYS_SEARCH_USER_PATHS = NO;
				ARCHS = (
					"$(ARCHS_STANDARD_32_BIT)",
					armv6,
				);
				COPY_PHASE_STRIP = NO;
				GCC_C_LANGUAGE_STANDARD = gnu99;
				GCC_DYNAMIC_NO_PIC = NO;
				GCC_OPTIMIZATION_LEVEL = 0;
				GCC_PREPROCESSOR_DEFINITIONS = (
					"DEBUG=1",
					"$(inherited)",
				);
				GCC_SYMBOLS_PRIVATE_EXTERN = NO;
				GCC_VERSION = com.apple.compilers.llvm.clang.1_0;
				GCC_WARN_ABOUT_MISSING_PROTOTYPES = YES;
				GCC_WARN_ABOUT_RETURN_TYPE = YES;
				GCC_WARN_UNUSED_VARIABLE = YES;
				IPHONEOS_DEPLOYMENT_TARGET = 4.0;
				SDKROOT = iphoneos;
			};
			name = Debug;
		};
		96318F98149AEC05001F27A7 /* Release */ = {
			isa = XCBuildConfiguration;
			buildSettings = {
				ALWAYS_SEARCH_USER_PATHS = NO;
				ARCHS = (
					"$(ARCHS_STANDARD_32_BIT)",
					armv6,
				);
				COPY_PHASE_STRIP = YES;
				GCC_C_LANGUAGE_STANDARD = gnu99;
				GCC_VERSION = com.apple.compilers.llvm.clang.1_0;
				GCC_WARN_ABOUT_MISSING_PROTOTYPES = YES;
				GCC_WARN_ABOUT_RETURN_TYPE = YES;
				GCC_WARN_UNUSED_VARIABLE = YES;
				IPHONEOS_DEPLOYMENT_TARGET = 4.0;
				SDKROOT = iphoneos;
				VALIDATE_PRODUCT = YES;
			};
			name = Release;
		};
		96318F9A149AEC05001F27A7 /* Debug */ = {
			isa = XCBuildConfiguration;
			buildSettings = {
				ARCHS = (
					"$(ARCHS_STANDARD_32_BIT)",
					armv6,
				);
				DSTROOT = /tmp/ABPushLib.dst;
				GCC_PRECOMPILE_PREFIX_HEADER = YES;
				GCC_PREFIX_HEADER = "ABPushLib/ABPushLib-Prefix.pch";
				HEADER_SEARCH_PATHS = "../AppBand/**";
				OTHER_LDFLAGS = "-ObjC";
				PRODUCT_NAME = ABPushLib_1.0.0;
				SKIP_INSTALL = YES;
			};
			name = Debug;
		};
		96318F9B149AEC05001F27A7 /* Release */ = {
			isa = XCBuildConfiguration;
			buildSettings = {
				ARCHS = (
					"$(ARCHS_STANDARD_32_BIT)",
					armv6,
				);
				DSTROOT = /tmp/ABPushLib.dst;
				GCC_PRECOMPILE_PREFIX_HEADER = YES;
				GCC_PREFIX_HEADER = "ABPushLib/ABPushLib-Prefix.pch";
				HEADER_SEARCH_PATHS = "../AppBand/**";
				OTHER_LDFLAGS = "-ObjC";
				PRODUCT_NAME = ABPushLib_1.0.0;
				SKIP_INSTALL = YES;
			};
			name = Release;
		};
/* End XCBuildConfiguration section */

/* Begin XCConfigurationList section */
		96318F86149AEC05001F27A7 /* Build configuration list for PBXProject "ABPushLib" */ = {
			isa = XCConfigurationList;
			buildConfigurations = (
				96318F97149AEC05001F27A7 /* Debug */,
				96318F98149AEC05001F27A7 /* Release */,
			);
			defaultConfigurationIsVisible = 0;
			defaultConfigurationName = Release;
		};
		96318F99149AEC05001F27A7 /* Build configuration list for PBXNativeTarget "ABPushLib" */ = {
			isa = XCConfigurationList;
			buildConfigurations = (
				96318F9A149AEC05001F27A7 /* Debug */,
				96318F9B149AEC05001F27A7 /* Release */,
			);
			defaultConfigurationIsVisible = 0;
			defaultConfigurationName = Release;
		};
/* End XCConfigurationList section */
	};
	rootObject = 96318F83149AEC05001F27A7 /* Project object */;
}
