// !$*UTF8*$!
{
	archiveVersion = 1;
	classes = {
	};
	objectVersion = 46;
	objects = {

/* Begin PBXBuildFile section */
		96D8A99E147CA84A004EA40B /* ABPurchase+Private.h in Headers */ = {isa = PBXBuildFile; fileRef = 96D8A99D147CA84A004EA40B /* ABPurchase+Private.h */; };
		96D8A9A2147CC52D004EA40B /* ABProductsResponse.h in Headers */ = {isa = PBXBuildFile; fileRef = 96D8A9A0147CC52D004EA40B /* ABProductsResponse.h */; };
		96D8A9A3147CC52D004EA40B /* ABProductsResponse.m in Sources */ = {isa = PBXBuildFile; fileRef = 96D8A9A1147CC52D004EA40B /* ABProductsResponse.m */; };
		96D8A9A6147CC5BE004EA40B /* ABProduct.h in Headers */ = {isa = PBXBuildFile; fileRef = 96D8A9A4147CC5BE004EA40B /* ABProduct.h */; };
		96D8A9A7147CC5BE004EA40B /* ABProduct.m in Sources */ = {isa = PBXBuildFile; fileRef = 96D8A9A5147CC5BE004EA40B /* ABProduct.m */; };
		96D8A9AD147CE3A9004EA40B /* ABProductHandler.h in Headers */ = {isa = PBXBuildFile; fileRef = 96D8A9AB147CE3A9004EA40B /* ABProductHandler.h */; };
		96D8A9AE147CE3A9004EA40B /* ABProductHandler.m in Sources */ = {isa = PBXBuildFile; fileRef = 96D8A9AC147CE3A9004EA40B /* ABProductHandler.m */; };
		96DA0D13147BA01700F42DB7 /* ABPurchase.h in Headers */ = {isa = PBXBuildFile; fileRef = 96DA0D11147BA01700F42DB7 /* ABPurchase.h */; };
		96DA0D14147BA01700F42DB7 /* ABPurchase.m in Sources */ = {isa = PBXBuildFile; fileRef = 96DA0D12147BA01700F42DB7 /* ABPurchase.m */; };
		96DA1F94147DEC4600DE7DC4 /* ABProductHandler+Private.h in Headers */ = {isa = PBXBuildFile; fileRef = 96DA1F93147DEC4600DE7DC4 /* ABProductHandler+Private.h */; };
		96DA1FB8147E172B00DE7DC4 /* ABDonwloadManager.h in Headers */ = {isa = PBXBuildFile; fileRef = 96DA1FB6147E172B00DE7DC4 /* ABDonwloadManager.h */; };
		96DA1FB9147E172B00DE7DC4 /* ABDonwloadManager.m in Sources */ = {isa = PBXBuildFile; fileRef = 96DA1FB7147E172B00DE7DC4 /* ABDonwloadManager.m */; };
		96DAB7001472542F0059345C /* Foundation.framework in Frameworks */ = {isa = PBXBuildFile; fileRef = 96DAB6FF1472542F0059345C /* Foundation.framework */; };
		96DAB70E1472542F0059345C /* SenTestingKit.framework in Frameworks */ = {isa = PBXBuildFile; fileRef = 96DAB70D1472542F0059345C /* SenTestingKit.framework */; };
		96DAB7111472542F0059345C /* Foundation.framework in Frameworks */ = {isa = PBXBuildFile; fileRef = 96DAB6FF1472542F0059345C /* Foundation.framework */; };
		96DAB7141472542F0059345C /* libAppBand.a in Frameworks */ = {isa = PBXBuildFile; fileRef = 96DAB6FC1472542F0059345C /* libAppBand.a */; };
		96DAB71A1472542F0059345C /* InfoPlist.strings in Resources */ = {isa = PBXBuildFile; fileRef = 96DAB7181472542F0059345C /* InfoPlist.strings */; };
		96DAB71D1472542F0059345C /* AppBandTests.m in Sources */ = {isa = PBXBuildFile; fileRef = 96DAB71C1472542F0059345C /* AppBandTests.m */; };
		96DAB75E147254F20059345C /* ABConstant.h in Headers */ = {isa = PBXBuildFile; fileRef = 96DAB734147254F20059345C /* ABConstant.h */; settings = {ATTRIBUTES = (Public, ); }; };
		96DAB75F147254F20059345C /* ABRegisterTokenResponse.h in Headers */ = {isa = PBXBuildFile; fileRef = 96DAB735147254F20059345C /* ABRegisterTokenResponse.h */; settings = {ATTRIBUTES = (Public, ); }; };
		96DAB760147254F20059345C /* ABRegisterTokenResponse.m in Sources */ = {isa = PBXBuildFile; fileRef = 96DAB736147254F20059345C /* ABRegisterTokenResponse.m */; };
		96DAB762147254F20059345C /* AppBand.h in Headers */ = {isa = PBXBuildFile; fileRef = 96DAB738147254F20059345C /* AppBand.h */; settings = {ATTRIBUTES = (Public, ); }; };
		96DAB763147254F20059345C /* AppBand.m in Sources */ = {isa = PBXBuildFile; fileRef = 96DAB739147254F20059345C /* AppBand.m */; };
		96DAB764147254F20059345C /* AppBandKit.h in Headers */ = {isa = PBXBuildFile; fileRef = 96DAB73A147254F20059345C /* AppBandKit.h */; settings = {ATTRIBUTES = (Public, ); }; };
		96DAB767147254F20059345C /* ABHTTPRequest.m in Sources */ = {isa = PBXBuildFile; fileRef = 96DAB73E147254F20059345C /* ABHTTPRequest.m */; };
		96DAB769147254F20059345C /* ABReachability.m in Sources */ = {isa = PBXBuildFile; fileRef = 96DAB740147254F20059345C /* ABReachability.m */; };
		96DAB76A147254F20059345C /* ABResponse.h in Headers */ = {isa = PBXBuildFile; fileRef = 96DAB741147254F20059345C /* ABResponse.h */; settings = {ATTRIBUTES = (Public, ); }; };
		96DAB76B147254F20059345C /* ABResponse.m in Sources */ = {isa = PBXBuildFile; fileRef = 96DAB742147254F20059345C /* ABResponse.m */; };
		96DAB76D147254F20059345C /* ABRestCenter.m in Sources */ = {isa = PBXBuildFile; fileRef = 96DAB744147254F20059345C /* ABRestCenter.m */; };
		96DAB76E147254F20059345C /* ABNotification.h in Headers */ = {isa = PBXBuildFile; fileRef = 96DAB746147254F20059345C /* ABNotification.h */; settings = {ATTRIBUTES = (Public, ); }; };
		96DAB76F147254F20059345C /* ABNotification.m in Sources */ = {isa = PBXBuildFile; fileRef = 96DAB747147254F20059345C /* ABNotification.m */; };
		96DAB772147254F20059345C /* ABPush.m in Sources */ = {isa = PBXBuildFile; fileRef = 96DAB74A147254F20059345C /* ABPush.m */; };
		96DAB774147254F20059345C /* ABRichHandler.m in Sources */ = {isa = PBXBuildFile; fileRef = 96DAB74C147254F20059345C /* ABRichHandler.m */; };
		96DAB775147254F20059345C /* ABRichResponse.h in Headers */ = {isa = PBXBuildFile; fileRef = 96DAB74D147254F20059345C /* ABRichResponse.h */; settings = {ATTRIBUTES = (Public, ); }; };
		96DAB776147254F20059345C /* ABRichResponse.m in Sources */ = {isa = PBXBuildFile; fileRef = 96DAB74E147254F20059345C /* ABRichResponse.m */; };
		96DAB777147254F20059345C /* ABRichView.h in Headers */ = {isa = PBXBuildFile; fileRef = 96DAB750147254F20059345C /* ABRichView.h */; settings = {ATTRIBUTES = (Public, ); }; };
		96DAB778147254F20059345C /* ABRichView.m in Sources */ = {isa = PBXBuildFile; fileRef = 96DAB751147254F20059345C /* ABRichView.m */; };
		96DAB77A147254F20059345C /* AB_SBJSON.m in Sources */ = {isa = PBXBuildFile; fileRef = 96DAB755147254F20059345C /* AB_SBJSON.m */; };
		96DAB77C147254F20059345C /* AB_SBJsonBase.m in Sources */ = {isa = PBXBuildFile; fileRef = 96DAB757147254F20059345C /* AB_SBJsonBase.m */; };
		96DAB77E147254F20059345C /* AB_SBJsonParser.m in Sources */ = {isa = PBXBuildFile; fileRef = 96DAB759147254F20059345C /* AB_SBJsonParser.m */; };
		96DAB780147254F20059345C /* AB_SBJsonWriter.m in Sources */ = {isa = PBXBuildFile; fileRef = 96DAB75B147254F20059345C /* AB_SBJsonWriter.m */; };
		96DAB782147254F20059345C /* UIDevice+IdentifierAddition.m in Sources */ = {isa = PBXBuildFile; fileRef = 96DAB75D147254F20059345C /* UIDevice+IdentifierAddition.m */; };
		96DAB785147255140059345C /* UIKit.framework in Frameworks */ = {isa = PBXBuildFile; fileRef = 96DAB784147255140059345C /* UIKit.framework */; };
		96E035A41481D7690091A91F /* ABDownloadRequest.h in Headers */ = {isa = PBXBuildFile; fileRef = 96E035A21481D7690091A91F /* ABDownloadRequest.h */; };
		96E035A51481D7690091A91F /* ABDownloadRequest.m in Sources */ = {isa = PBXBuildFile; fileRef = 96E035A31481D7690091A91F /* ABDownloadRequest.m */; };
		96FE3A09147E38820039DD24 /* ABPurchaseResponse.h in Headers */ = {isa = PBXBuildFile; fileRef = 96FE3A07147E38810039DD24 /* ABPurchaseResponse.h */; };
		96FE3A0A147E38820039DD24 /* ABPurchaseResponse.m in Sources */ = {isa = PBXBuildFile; fileRef = 96FE3A08147E38810039DD24 /* ABPurchaseResponse.m */; };
		96FE3A0E147E47170039DD24 /* ABDeliverHandler.h in Headers */ = {isa = PBXBuildFile; fileRef = 96FE3A0C147E47160039DD24 /* ABDeliverHandler.h */; };
		96FE3A0F147E47170039DD24 /* ABDeliverHandler.m in Sources */ = {isa = PBXBuildFile; fileRef = 96FE3A0D147E47170039DD24 /* ABDeliverHandler.m */; };
		96FE3A11147E47970039DD24 /* ABDeliverHandler+Private.h in Headers */ = {isa = PBXBuildFile; fileRef = 96FE3A10147E47970039DD24 /* ABDeliverHandler+Private.h */; };
/* End PBXBuildFile section */

/* Begin PBXContainerItemProxy section */
		96DAB7121472542F0059345C /* PBXContainerItemProxy */ = {
			isa = PBXContainerItemProxy;
			containerPortal = 96DAB6F31472542F0059345C /* Project object */;
			proxyType = 1;
			remoteGlobalIDString = 96DAB6FB1472542F0059345C;
			remoteInfo = AppBand;
		};
/* End PBXContainerItemProxy section */

/* Begin PBXFileReference section */
		96D8A99D147CA84A004EA40B /* ABPurchase+Private.h */ = {isa = PBXFileReference; fileEncoding = 4; lastKnownFileType = sourcecode.c.h; path = "ABPurchase+Private.h"; sourceTree = "<group>"; };
		96D8A9A0147CC52D004EA40B /* ABProductsResponse.h */ = {isa = PBXFileReference; fileEncoding = 4; lastKnownFileType = sourcecode.c.h; path = ABProductsResponse.h; sourceTree = "<group>"; };
		96D8A9A1147CC52D004EA40B /* ABProductsResponse.m */ = {isa = PBXFileReference; fileEncoding = 4; lastKnownFileType = sourcecode.c.objc; path = ABProductsResponse.m; sourceTree = "<group>"; };
		96D8A9A4147CC5BE004EA40B /* ABProduct.h */ = {isa = PBXFileReference; fileEncoding = 4; lastKnownFileType = sourcecode.c.h; path = ABProduct.h; sourceTree = "<group>"; };
		96D8A9A5147CC5BE004EA40B /* ABProduct.m */ = {isa = PBXFileReference; fileEncoding = 4; lastKnownFileType = sourcecode.c.objc; path = ABProduct.m; sourceTree = "<group>"; };
		96D8A9AB147CE3A9004EA40B /* ABProductHandler.h */ = {isa = PBXFileReference; fileEncoding = 4; lastKnownFileType = sourcecode.c.h; path = ABProductHandler.h; sourceTree = "<group>"; };
		96D8A9AC147CE3A9004EA40B /* ABProductHandler.m */ = {isa = PBXFileReference; fileEncoding = 4; lastKnownFileType = sourcecode.c.objc; path = ABProductHandler.m; sourceTree = "<group>"; };
		96DA0D11147BA01700F42DB7 /* ABPurchase.h */ = {isa = PBXFileReference; fileEncoding = 4; lastKnownFileType = sourcecode.c.h; path = ABPurchase.h; sourceTree = "<group>"; };
		96DA0D12147BA01700F42DB7 /* ABPurchase.m */ = {isa = PBXFileReference; fileEncoding = 4; lastKnownFileType = sourcecode.c.objc; path = ABPurchase.m; sourceTree = "<group>"; };
		96DA1F93147DEC4600DE7DC4 /* ABProductHandler+Private.h */ = {isa = PBXFileReference; fileEncoding = 4; lastKnownFileType = sourcecode.c.h; path = "ABProductHandler+Private.h"; sourceTree = "<group>"; };
		96DA1FB6147E172B00DE7DC4 /* ABDonwloadManager.h */ = {isa = PBXFileReference; fileEncoding = 4; lastKnownFileType = sourcecode.c.h; path = ABDonwloadManager.h; sourceTree = "<group>"; };
		96DA1FB7147E172B00DE7DC4 /* ABDonwloadManager.m */ = {isa = PBXFileReference; fileEncoding = 4; lastKnownFileType = sourcecode.c.objc; path = ABDonwloadManager.m; sourceTree = "<group>"; };
		96DAB6FC1472542F0059345C /* libAppBand.a */ = {isa = PBXFileReference; explicitFileType = archive.ar; includeInIndex = 0; path = libAppBand.a; sourceTree = BUILT_PRODUCTS_DIR; };
		96DAB6FF1472542F0059345C /* Foundation.framework */ = {isa = PBXFileReference; lastKnownFileType = wrapper.framework; name = Foundation.framework; path = System/Library/Frameworks/Foundation.framework; sourceTree = SDKROOT; };
		96DAB7031472542F0059345C /* AppBand-Prefix.pch */ = {isa = PBXFileReference; lastKnownFileType = sourcecode.c.h; path = "AppBand-Prefix.pch"; sourceTree = "<group>"; };
		96DAB70C1472542F0059345C /* AppBandTests.octest */ = {isa = PBXFileReference; explicitFileType = wrapper.cfbundle; includeInIndex = 0; path = AppBandTests.octest; sourceTree = BUILT_PRODUCTS_DIR; };
		96DAB70D1472542F0059345C /* SenTestingKit.framework */ = {isa = PBXFileReference; lastKnownFileType = wrapper.framework; name = SenTestingKit.framework; path = Library/Frameworks/SenTestingKit.framework; sourceTree = DEVELOPER_DIR; };
		96DAB7171472542F0059345C /* AppBandTests-Info.plist */ = {isa = PBXFileReference; lastKnownFileType = text.plist.xml; path = "AppBandTests-Info.plist"; sourceTree = "<group>"; };
		96DAB7191472542F0059345C /* en */ = {isa = PBXFileReference; lastKnownFileType = text.plist.strings; name = en; path = en.lproj/InfoPlist.strings; sourceTree = "<group>"; };
		96DAB71B1472542F0059345C /* AppBandTests.h */ = {isa = PBXFileReference; lastKnownFileType = sourcecode.c.h; path = AppBandTests.h; sourceTree = "<group>"; };
		96DAB71C1472542F0059345C /* AppBandTests.m */ = {isa = PBXFileReference; lastKnownFileType = sourcecode.c.objc; path = AppBandTests.m; sourceTree = "<group>"; };
		96DAB734147254F20059345C /* ABConstant.h */ = {isa = PBXFileReference; fileEncoding = 4; lastKnownFileType = sourcecode.c.h; path = ABConstant.h; sourceTree = "<group>"; };
		96DAB735147254F20059345C /* ABRegisterTokenResponse.h */ = {isa = PBXFileReference; fileEncoding = 4; lastKnownFileType = sourcecode.c.h; path = ABRegisterTokenResponse.h; sourceTree = "<group>"; };
		96DAB736147254F20059345C /* ABRegisterTokenResponse.m */ = {isa = PBXFileReference; fileEncoding = 4; lastKnownFileType = sourcecode.c.objc; path = ABRegisterTokenResponse.m; sourceTree = "<group>"; };
		96DAB737147254F20059345C /* AppBand+Private.h */ = {isa = PBXFileReference; fileEncoding = 4; lastKnownFileType = sourcecode.c.h; path = "AppBand+Private.h"; sourceTree = "<group>"; };
		96DAB738147254F20059345C /* AppBand.h */ = {isa = PBXFileReference; fileEncoding = 4; lastKnownFileType = sourcecode.c.h; path = AppBand.h; sourceTree = "<group>"; };
		96DAB739147254F20059345C /* AppBand.m */ = {isa = PBXFileReference; fileEncoding = 4; lastKnownFileType = sourcecode.c.objc; path = AppBand.m; sourceTree = "<group>"; };
		96DAB73A147254F20059345C /* AppBandKit.h */ = {isa = PBXFileReference; fileEncoding = 4; lastKnownFileType = sourcecode.c.h; path = AppBandKit.h; sourceTree = "<group>"; };
		96DAB73C147254F20059345C /* ABGlobal.h */ = {isa = PBXFileReference; fileEncoding = 4; lastKnownFileType = sourcecode.c.h; path = ABGlobal.h; sourceTree = "<group>"; };
		96DAB73D147254F20059345C /* ABHTTPRequest.h */ = {isa = PBXFileReference; fileEncoding = 4; lastKnownFileType = sourcecode.c.h; path = ABHTTPRequest.h; sourceTree = "<group>"; };
		96DAB73E147254F20059345C /* ABHTTPRequest.m */ = {isa = PBXFileReference; fileEncoding = 4; lastKnownFileType = sourcecode.c.objc; path = ABHTTPRequest.m; sourceTree = "<group>"; };
		96DAB73F147254F20059345C /* ABReachability.h */ = {isa = PBXFileReference; fileEncoding = 4; lastKnownFileType = sourcecode.c.h; path = ABReachability.h; sourceTree = "<group>"; };
		96DAB740147254F20059345C /* ABReachability.m */ = {isa = PBXFileReference; fileEncoding = 4; lastKnownFileType = sourcecode.c.objc; path = ABReachability.m; sourceTree = "<group>"; };
		96DAB741147254F20059345C /* ABResponse.h */ = {isa = PBXFileReference; fileEncoding = 4; lastKnownFileType = sourcecode.c.h; path = ABResponse.h; sourceTree = "<group>"; };
		96DAB742147254F20059345C /* ABResponse.m */ = {isa = PBXFileReference; fileEncoding = 4; lastKnownFileType = sourcecode.c.objc; path = ABResponse.m; sourceTree = "<group>"; };
		96DAB743147254F20059345C /* ABRestCenter.h */ = {isa = PBXFileReference; fileEncoding = 4; lastKnownFileType = sourcecode.c.h; path = ABRestCenter.h; sourceTree = "<group>"; };
		96DAB744147254F20059345C /* ABRestCenter.m */ = {isa = PBXFileReference; fileEncoding = 4; lastKnownFileType = sourcecode.c.objc; path = ABRestCenter.m; sourceTree = "<group>"; };
		96DAB746147254F20059345C /* ABNotification.h */ = {isa = PBXFileReference; fileEncoding = 4; lastKnownFileType = sourcecode.c.h; path = ABNotification.h; sourceTree = "<group>"; };
		96DAB747147254F20059345C /* ABNotification.m */ = {isa = PBXFileReference; fileEncoding = 4; lastKnownFileType = sourcecode.c.objc; path = ABNotification.m; sourceTree = "<group>"; };
		96DAB748147254F20059345C /* ABPush+Private.h */ = {isa = PBXFileReference; fileEncoding = 4; lastKnownFileType = sourcecode.c.h; path = "ABPush+Private.h"; sourceTree = "<group>"; };
		96DAB749147254F20059345C /* ABPush.h */ = {isa = PBXFileReference; fileEncoding = 4; lastKnownFileType = sourcecode.c.h; path = ABPush.h; sourceTree = "<group>"; };
		96DAB74A147254F20059345C /* ABPush.m */ = {isa = PBXFileReference; fileEncoding = 4; lastKnownFileType = sourcecode.c.objc; path = ABPush.m; sourceTree = "<group>"; };
		96DAB74B147254F20059345C /* ABRichHandler.h */ = {isa = PBXFileReference; fileEncoding = 4; lastKnownFileType = sourcecode.c.h; path = ABRichHandler.h; sourceTree = "<group>"; };
		96DAB74C147254F20059345C /* ABRichHandler.m */ = {isa = PBXFileReference; fileEncoding = 4; lastKnownFileType = sourcecode.c.objc; path = ABRichHandler.m; sourceTree = "<group>"; };
		96DAB74D147254F20059345C /* ABRichResponse.h */ = {isa = PBXFileReference; fileEncoding = 4; lastKnownFileType = sourcecode.c.h; path = ABRichResponse.h; sourceTree = "<group>"; };
		96DAB74E147254F20059345C /* ABRichResponse.m */ = {isa = PBXFileReference; fileEncoding = 4; lastKnownFileType = sourcecode.c.objc; path = ABRichResponse.m; sourceTree = "<group>"; };
		96DAB750147254F20059345C /* ABRichView.h */ = {isa = PBXFileReference; fileEncoding = 4; lastKnownFileType = sourcecode.c.h; path = ABRichView.h; sourceTree = "<group>"; };
		96DAB751147254F20059345C /* ABRichView.m */ = {isa = PBXFileReference; fileEncoding = 4; lastKnownFileType = sourcecode.c.objc; path = ABRichView.m; sourceTree = "<group>"; };
		96DAB754147254F20059345C /* AB_SBJSON.h */ = {isa = PBXFileReference; fileEncoding = 4; lastKnownFileType = sourcecode.c.h; path = AB_SBJSON.h; sourceTree = "<group>"; };
		96DAB755147254F20059345C /* AB_SBJSON.m */ = {isa = PBXFileReference; fileEncoding = 4; lastKnownFileType = sourcecode.c.objc; path = AB_SBJSON.m; sourceTree = "<group>"; };
		96DAB756147254F20059345C /* AB_SBJsonBase.h */ = {isa = PBXFileReference; fileEncoding = 4; lastKnownFileType = sourcecode.c.h; path = AB_SBJsonBase.h; sourceTree = "<group>"; };
		96DAB757147254F20059345C /* AB_SBJsonBase.m */ = {isa = PBXFileReference; fileEncoding = 4; lastKnownFileType = sourcecode.c.objc; path = AB_SBJsonBase.m; sourceTree = "<group>"; };
		96DAB758147254F20059345C /* AB_SBJsonParser.h */ = {isa = PBXFileReference; fileEncoding = 4; lastKnownFileType = sourcecode.c.h; path = AB_SBJsonParser.h; sourceTree = "<group>"; };
		96DAB759147254F20059345C /* AB_SBJsonParser.m */ = {isa = PBXFileReference; fileEncoding = 4; lastKnownFileType = sourcecode.c.objc; path = AB_SBJsonParser.m; sourceTree = "<group>"; };
		96DAB75A147254F20059345C /* AB_SBJsonWriter.h */ = {isa = PBXFileReference; fileEncoding = 4; lastKnownFileType = sourcecode.c.h; path = AB_SBJsonWriter.h; sourceTree = "<group>"; };
		96DAB75B147254F20059345C /* AB_SBJsonWriter.m */ = {isa = PBXFileReference; fileEncoding = 4; lastKnownFileType = sourcecode.c.objc; path = AB_SBJsonWriter.m; sourceTree = "<group>"; };
		96DAB75C147254F20059345C /* UIDevice+IdentifierAddition.h */ = {isa = PBXFileReference; fileEncoding = 4; lastKnownFileType = sourcecode.c.h; path = "UIDevice+IdentifierAddition.h"; sourceTree = "<group>"; };
		96DAB75D147254F20059345C /* UIDevice+IdentifierAddition.m */ = {isa = PBXFileReference; fileEncoding = 4; lastKnownFileType = sourcecode.c.objc; path = "UIDevice+IdentifierAddition.m"; sourceTree = "<group>"; };
		96DAB783147254FE0059345C /* AppBand-Info.plist */ = {isa = PBXFileReference; fileEncoding = 4; lastKnownFileType = text.plist.xml; path = "AppBand-Info.plist"; sourceTree = "<group>"; };
		96DAB784147255140059345C /* UIKit.framework */ = {isa = PBXFileReference; lastKnownFileType = wrapper.framework; name = UIKit.framework; path = System/Library/Frameworks/UIKit.framework; sourceTree = SDKROOT; };
		96E035A21481D7690091A91F /* ABDownloadRequest.h */ = {isa = PBXFileReference; fileEncoding = 4; lastKnownFileType = sourcecode.c.h; path = ABDownloadRequest.h; sourceTree = "<group>"; };
		96E035A31481D7690091A91F /* ABDownloadRequest.m */ = {isa = PBXFileReference; fileEncoding = 4; lastKnownFileType = sourcecode.c.objc; path = ABDownloadRequest.m; sourceTree = "<group>"; };
		96FE3A07147E38810039DD24 /* ABPurchaseResponse.h */ = {isa = PBXFileReference; fileEncoding = 4; lastKnownFileType = sourcecode.c.h; path = ABPurchaseResponse.h; sourceTree = "<group>"; };
		96FE3A08147E38810039DD24 /* ABPurchaseResponse.m */ = {isa = PBXFileReference; fileEncoding = 4; lastKnownFileType = sourcecode.c.objc; path = ABPurchaseResponse.m; sourceTree = "<group>"; };
		96FE3A0C147E47160039DD24 /* ABDeliverHandler.h */ = {isa = PBXFileReference; fileEncoding = 4; lastKnownFileType = sourcecode.c.h; path = ABDeliverHandler.h; sourceTree = "<group>"; };
		96FE3A0D147E47170039DD24 /* ABDeliverHandler.m */ = {isa = PBXFileReference; fileEncoding = 4; lastKnownFileType = sourcecode.c.objc; path = ABDeliverHandler.m; sourceTree = "<group>"; };
		96FE3A10147E47970039DD24 /* ABDeliverHandler+Private.h */ = {isa = PBXFileReference; fileEncoding = 4; lastKnownFileType = sourcecode.c.h; path = "ABDeliverHandler+Private.h"; sourceTree = "<group>"; };
/* End PBXFileReference section */

/* Begin PBXFrameworksBuildPhase section */
		96DAB6F91472542F0059345C /* Frameworks */ = {
			isa = PBXFrameworksBuildPhase;
			buildActionMask = 2147483647;
			files = (
				96DAB785147255140059345C /* UIKit.framework in Frameworks */,
				96DAB7001472542F0059345C /* Foundation.framework in Frameworks */,
			);
			runOnlyForDeploymentPostprocessing = 0;
		};
		96DAB7081472542F0059345C /* Frameworks */ = {
			isa = PBXFrameworksBuildPhase;
			buildActionMask = 2147483647;
			files = (
				96DAB70E1472542F0059345C /* SenTestingKit.framework in Frameworks */,
				96DAB7111472542F0059345C /* Foundation.framework in Frameworks */,
				96DAB7141472542F0059345C /* libAppBand.a in Frameworks */,
			);
			runOnlyForDeploymentPostprocessing = 0;
		};
/* End PBXFrameworksBuildPhase section */

/* Begin PBXGroup section */
		96DA0D0F147B9FEF00F42DB7 /* IAPLib */ = {
			isa = PBXGroup;
			children = (
				96D8A99D147CA84A004EA40B /* ABPurchase+Private.h */,
				96DA0D11147BA01700F42DB7 /* ABPurchase.h */,
				96DA0D12147BA01700F42DB7 /* ABPurchase.m */,
				96DA1F93147DEC4600DE7DC4 /* ABProductHandler+Private.h */,
				96D8A9AB147CE3A9004EA40B /* ABProductHandler.h */,
				96D8A9AC147CE3A9004EA40B /* ABProductHandler.m */,
				96FE3A10147E47970039DD24 /* ABDeliverHandler+Private.h */,
				96FE3A0C147E47160039DD24 /* ABDeliverHandler.h */,
				96FE3A0D147E47170039DD24 /* ABDeliverHandler.m */,
				96D8A9A0147CC52D004EA40B /* ABProductsResponse.h */,
				96D8A9A1147CC52D004EA40B /* ABProductsResponse.m */,
				96FE3A07147E38810039DD24 /* ABPurchaseResponse.h */,
				96FE3A08147E38810039DD24 /* ABPurchaseResponse.m */,
				96D8A9A4147CC5BE004EA40B /* ABProduct.h */,
				96D8A9A5147CC5BE004EA40B /* ABProduct.m */,
			);
			path = IAPLib;
			sourceTree = "<group>";
		};
		96DAB6F11472542F0059345C = {
			isa = PBXGroup;
			children = (
				96DAB7011472542F0059345C /* AppBand */,
				96DAB7151472542F0059345C /* AppBandTests */,
				96DAB6FE1472542F0059345C /* Frameworks */,
				96DAB6FD1472542F0059345C /* Products */,
			);
			sourceTree = "<group>";
		};
		96DAB6FD1472542F0059345C /* Products */ = {
			isa = PBXGroup;
			children = (
				96DAB6FC1472542F0059345C /* libAppBand.a */,
				96DAB70C1472542F0059345C /* AppBandTests.octest */,
			);
			name = Products;
			sourceTree = "<group>";
		};
		96DAB6FE1472542F0059345C /* Frameworks */ = {
			isa = PBXGroup;
			children = (
				96DAB784147255140059345C /* UIKit.framework */,
				96DAB6FF1472542F0059345C /* Foundation.framework */,
				96DAB70D1472542F0059345C /* SenTestingKit.framework */,
			);
			name = Frameworks;
			sourceTree = "<group>";
		};
		96DAB7011472542F0059345C /* AppBand */ = {
			isa = PBXGroup;
			children = (
				96DAB733147254F20059345C /* Library */,
				96DAB7021472542F0059345C /* Supporting Files */,
			);
			path = AppBand;
			sourceTree = "<group>";
		};
		96DAB7021472542F0059345C /* Supporting Files */ = {
			isa = PBXGroup;
			children = (
				96DAB783147254FE0059345C /* AppBand-Info.plist */,
				96DAB7031472542F0059345C /* AppBand-Prefix.pch */,
			);
			name = "Supporting Files";
			sourceTree = "<group>";
		};
		96DAB7151472542F0059345C /* AppBandTests */ = {
			isa = PBXGroup;
			children = (
				96DAB71B1472542F0059345C /* AppBandTests.h */,
				96DAB71C1472542F0059345C /* AppBandTests.m */,
				96DAB7161472542F0059345C /* Supporting Files */,
			);
			path = AppBandTests;
			sourceTree = "<group>";
		};
		96DAB7161472542F0059345C /* Supporting Files */ = {
			isa = PBXGroup;
			children = (
				96DAB7171472542F0059345C /* AppBandTests-Info.plist */,
				96DAB7181472542F0059345C /* InfoPlist.strings */,
			);
			name = "Supporting Files";
			sourceTree = "<group>";
		};
		96DAB733147254F20059345C /* Library */ = {
			isa = PBXGroup;
			children = (
				96DAB734147254F20059345C /* ABConstant.h */,
				96DAB735147254F20059345C /* ABRegisterTokenResponse.h */,
				96DAB736147254F20059345C /* ABRegisterTokenResponse.m */,
				96DAB737147254F20059345C /* AppBand+Private.h */,
				96DAB738147254F20059345C /* AppBand.h */,
				96DAB739147254F20059345C /* AppBand.m */,
				96DAB73A147254F20059345C /* AppBandKit.h */,
				96DAB73B147254F20059345C /* Common */,
				96DA0D0F147B9FEF00F42DB7 /* IAPLib */,
				96DAB745147254F20059345C /* PushLib */,
				96DAB74F147254F20059345C /* UI */,
				96DAB752147254F20059345C /* Utils */,
			);
			path = Library;
			sourceTree = "<group>";
		};
		96DAB73B147254F20059345C /* Common */ = {
			isa = PBXGroup;
			children = (
				96DAB73C147254F20059345C /* ABGlobal.h */,
				96DAB73D147254F20059345C /* ABHTTPRequest.h */,
				96DAB73E147254F20059345C /* ABHTTPRequest.m */,
				96E035A21481D7690091A91F /* ABDownloadRequest.h */,
				96E035A31481D7690091A91F /* ABDownloadRequest.m */,
				96DAB73F147254F20059345C /* ABReachability.h */,
				96DAB740147254F20059345C /* ABReachability.m */,
				96DAB741147254F20059345C /* ABResponse.h */,
				96DAB742147254F20059345C /* ABResponse.m */,
				96DAB743147254F20059345C /* ABRestCenter.h */,
				96DAB744147254F20059345C /* ABRestCenter.m */,
				96DA1FB6147E172B00DE7DC4 /* ABDonwloadManager.h */,
				96DA1FB7147E172B00DE7DC4 /* ABDonwloadManager.m */,
			);
			path = Common;
			sourceTree = "<group>";
		};
		96DAB745147254F20059345C /* PushLib */ = {
			isa = PBXGroup;
			children = (
				96DAB746147254F20059345C /* ABNotification.h */,
				96DAB747147254F20059345C /* ABNotification.m */,
				96DAB748147254F20059345C /* ABPush+Private.h */,
				96DAB749147254F20059345C /* ABPush.h */,
				96DAB74A147254F20059345C /* ABPush.m */,
				96DAB74B147254F20059345C /* ABRichHandler.h */,
				96DAB74C147254F20059345C /* ABRichHandler.m */,
				96DAB74D147254F20059345C /* ABRichResponse.h */,
				96DAB74E147254F20059345C /* ABRichResponse.m */,
			);
			path = PushLib;
			sourceTree = "<group>";
		};
		96DAB74F147254F20059345C /* UI */ = {
			isa = PBXGroup;
			children = (
				96DAB750147254F20059345C /* ABRichView.h */,
				96DAB751147254F20059345C /* ABRichView.m */,
			);
			path = UI;
			sourceTree = "<group>";
		};
		96DAB752147254F20059345C /* Utils */ = {
			isa = PBXGroup;
			children = (
				96DAB753147254F20059345C /* Json */,
				96DAB75C147254F20059345C /* UIDevice+IdentifierAddition.h */,
				96DAB75D147254F20059345C /* UIDevice+IdentifierAddition.m */,
			);
			path = Utils;
			sourceTree = "<group>";
		};
		96DAB753147254F20059345C /* Json */ = {
			isa = PBXGroup;
			children = (
				96DAB754147254F20059345C /* AB_SBJSON.h */,
				96DAB755147254F20059345C /* AB_SBJSON.m */,
				96DAB756147254F20059345C /* AB_SBJsonBase.h */,
				96DAB757147254F20059345C /* AB_SBJsonBase.m */,
				96DAB758147254F20059345C /* AB_SBJsonParser.h */,
				96DAB759147254F20059345C /* AB_SBJsonParser.m */,
				96DAB75A147254F20059345C /* AB_SBJsonWriter.h */,
				96DAB75B147254F20059345C /* AB_SBJsonWriter.m */,
			);
			path = Json;
			sourceTree = "<group>";
		};
/* End PBXGroup section */

/* Begin PBXHeadersBuildPhase section */
		96DAB6FA1472542F0059345C /* Headers */ = {
			isa = PBXHeadersBuildPhase;
			buildActionMask = 2147483647;
			files = (
				96DAB75E147254F20059345C /* ABConstant.h in Headers */,
				96DAB75F147254F20059345C /* ABRegisterTokenResponse.h in Headers */,
				96DAB762147254F20059345C /* AppBand.h in Headers */,
				96DAB764147254F20059345C /* AppBandKit.h in Headers */,
				96DAB76A147254F20059345C /* ABResponse.h in Headers */,
				96DAB76E147254F20059345C /* ABNotification.h in Headers */,
				96DAB775147254F20059345C /* ABRichResponse.h in Headers */,
				96DAB777147254F20059345C /* ABRichView.h in Headers */,
				96DA0D13147BA01700F42DB7 /* ABPurchase.h in Headers */,
				96D8A99E147CA84A004EA40B /* ABPurchase+Private.h in Headers */,
				96D8A9A2147CC52D004EA40B /* ABProductsResponse.h in Headers */,
				96D8A9A6147CC5BE004EA40B /* ABProduct.h in Headers */,
				96D8A9AD147CE3A9004EA40B /* ABProductHandler.h in Headers */,
				96DA1F94147DEC4600DE7DC4 /* ABProductHandler+Private.h in Headers */,
				96DA1FB8147E172B00DE7DC4 /* ABDonwloadManager.h in Headers */,
				96FE3A09147E38820039DD24 /* ABPurchaseResponse.h in Headers */,
				96FE3A0E147E47170039DD24 /* ABDeliverHandler.h in Headers */,
				96FE3A11147E47970039DD24 /* ABDeliverHandler+Private.h in Headers */,
				96E035A41481D7690091A91F /* ABDownloadRequest.h in Headers */,
			);
			runOnlyForDeploymentPostprocessing = 0;
		};
/* End PBXHeadersBuildPhase section */

/* Begin PBXNativeTarget section */
		96DAB6FB1472542F0059345C /* AppBand */ = {
			isa = PBXNativeTarget;
			buildConfigurationList = 96DAB7201472542F0059345C /* Build configuration list for PBXNativeTarget "AppBand" */;
			buildPhases = (
				96DAB6F81472542F0059345C /* Sources */,
				96DAB6F91472542F0059345C /* Frameworks */,
				96DAB6FA1472542F0059345C /* Headers */,
			);
			buildRules = (
			);
			dependencies = (
			);
			name = AppBand;
			productName = AppBand;
			productReference = 96DAB6FC1472542F0059345C /* libAppBand.a */;
			productType = "com.apple.product-type.library.static";
		};
		96DAB70B1472542F0059345C /* AppBandTests */ = {
			isa = PBXNativeTarget;
			buildConfigurationList = 96DAB7231472542F0059345C /* Build configuration list for PBXNativeTarget "AppBandTests" */;
			buildPhases = (
				96DAB7071472542F0059345C /* Sources */,
				96DAB7081472542F0059345C /* Frameworks */,
				96DAB7091472542F0059345C /* Resources */,
				96DAB70A1472542F0059345C /* ShellScript */,
			);
			buildRules = (
			);
			dependencies = (
				96DAB7131472542F0059345C /* PBXTargetDependency */,
			);
			name = AppBandTests;
			productName = AppBandTests;
			productReference = 96DAB70C1472542F0059345C /* AppBandTests.octest */;
			productType = "com.apple.product-type.bundle";
		};
/* End PBXNativeTarget section */

/* Begin PBXProject section */
		96DAB6F31472542F0059345C /* Project object */ = {
			isa = PBXProject;
			attributes = {
				LastUpgradeCheck = 0420;
			};
			buildConfigurationList = 96DAB6F61472542F0059345C /* Build configuration list for PBXProject "AppBand" */;
			compatibilityVersion = "Xcode 3.2";
			developmentRegion = English;
			hasScannedForEncodings = 0;
			knownRegions = (
				en,
			);
			mainGroup = 96DAB6F11472542F0059345C;
			productRefGroup = 96DAB6FD1472542F0059345C /* Products */;
			projectDirPath = "";
			projectRoot = "";
			targets = (
				96DAB6FB1472542F0059345C /* AppBand */,
				96DAB70B1472542F0059345C /* AppBandTests */,
			);
		};
/* End PBXProject section */

/* Begin PBXResourcesBuildPhase section */
		96DAB7091472542F0059345C /* Resources */ = {
			isa = PBXResourcesBuildPhase;
			buildActionMask = 2147483647;
			files = (
				96DAB71A1472542F0059345C /* InfoPlist.strings in Resources */,
			);
			runOnlyForDeploymentPostprocessing = 0;
		};
/* End PBXResourcesBuildPhase section */

/* Begin PBXShellScriptBuildPhase section */
		96DAB70A1472542F0059345C /* ShellScript */ = {
			isa = PBXShellScriptBuildPhase;
			buildActionMask = 2147483647;
			files = (
			);
			inputPaths = (
			);
			outputPaths = (
			);
			runOnlyForDeploymentPostprocessing = 0;
			shellPath = /bin/sh;
			shellScript = "# Run the unit tests in this test bundle.\n\"${SYSTEM_DEVELOPER_DIR}/Tools/RunUnitTests\"\n";
		};
/* End PBXShellScriptBuildPhase section */

/* Begin PBXSourcesBuildPhase section */
		96DAB6F81472542F0059345C /* Sources */ = {
			isa = PBXSourcesBuildPhase;
			buildActionMask = 2147483647;
			files = (
				96DAB760147254F20059345C /* ABRegisterTokenResponse.m in Sources */,
				96DAB763147254F20059345C /* AppBand.m in Sources */,
				96DAB767147254F20059345C /* ABHTTPRequest.m in Sources */,
				96DAB769147254F20059345C /* ABReachability.m in Sources */,
				96DAB76B147254F20059345C /* ABResponse.m in Sources */,
				96DAB76D147254F20059345C /* ABRestCenter.m in Sources */,
				96DAB76F147254F20059345C /* ABNotification.m in Sources */,
				96DAB772147254F20059345C /* ABPush.m in Sources */,
				96DAB774147254F20059345C /* ABRichHandler.m in Sources */,
				96DAB776147254F20059345C /* ABRichResponse.m in Sources */,
				96DAB778147254F20059345C /* ABRichView.m in Sources */,
				96DAB77A147254F20059345C /* AB_SBJSON.m in Sources */,
				96DAB77C147254F20059345C /* AB_SBJsonBase.m in Sources */,
				96DAB77E147254F20059345C /* AB_SBJsonParser.m in Sources */,
				96DAB780147254F20059345C /* AB_SBJsonWriter.m in Sources */,
				96DAB782147254F20059345C /* UIDevice+IdentifierAddition.m in Sources */,
				96DA0D14147BA01700F42DB7 /* ABPurchase.m in Sources */,
				96D8A9A3147CC52D004EA40B /* ABProductsResponse.m in Sources */,
				96D8A9A7147CC5BE004EA40B /* ABProduct.m in Sources */,
				96D8A9AE147CE3A9004EA40B /* ABProductHandler.m in Sources */,
				96DA1FB9147E172B00DE7DC4 /* ABDonwloadManager.m in Sources */,
				96FE3A0A147E38820039DD24 /* ABPurchaseResponse.m in Sources */,
				96FE3A0F147E47170039DD24 /* ABDeliverHandler.m in Sources */,
				96E035A51481D7690091A91F /* ABDownloadRequest.m in Sources */,
			);
			runOnlyForDeploymentPostprocessing = 0;
		};
		96DAB7071472542F0059345C /* Sources */ = {
			isa = PBXSourcesBuildPhase;
			buildActionMask = 2147483647;
			files = (
				96DAB71D1472542F0059345C /* AppBandTests.m in Sources */,
			);
			runOnlyForDeploymentPostprocessing = 0;
		};
/* End PBXSourcesBuildPhase section */

/* Begin PBXTargetDependency section */
		96DAB7131472542F0059345C /* PBXTargetDependency */ = {
			isa = PBXTargetDependency;
			target = 96DAB6FB1472542F0059345C /* AppBand */;
			targetProxy = 96DAB7121472542F0059345C /* PBXContainerItemProxy */;
		};
/* End PBXTargetDependency section */

/* Begin PBXVariantGroup section */
		96DAB7181472542F0059345C /* InfoPlist.strings */ = {
			isa = PBXVariantGroup;
			children = (
				96DAB7191472542F0059345C /* en */,
			);
			name = InfoPlist.strings;
			sourceTree = "<group>";
		};
/* End PBXVariantGroup section */

/* Begin XCBuildConfiguration section */
		96DAB71E1472542F0059345C /* Debug */ = {
			isa = XCBuildConfiguration;
			buildSettings = {
				ALWAYS_SEARCH_USER_PATHS = NO;
				ARCHS = "$(ARCHS_STANDARD_32_BIT)";
				COPY_PHASE_STRIP = NO;
				GCC_C_LANGUAGE_STANDARD = gnu99;
				GCC_DYNAMIC_NO_PIC = NO;
				GCC_OPTIMIZATION_LEVEL = 0;
				GCC_PREPROCESSOR_DEFINITIONS = (
					"DEBUG=1",
					"$(inherited)",
				);
				GCC_SYMBOLS_PRIVATE_EXTERN = NO;
				GCC_VERSION = com.apple.compilers.llvm.clang.1_0;
				GCC_WARN_ABOUT_MISSING_PROTOTYPES = YES;
				GCC_WARN_ABOUT_RETURN_TYPE = YES;
				GCC_WARN_UNUSED_VARIABLE = YES;
				IPHONEOS_DEPLOYMENT_TARGET = 5.0;
				SDKROOT = iphoneos;
			};
			name = Debug;
		};
		96DAB71F1472542F0059345C /* Release */ = {
			isa = XCBuildConfiguration;
			buildSettings = {
				ALWAYS_SEARCH_USER_PATHS = NO;
				ARCHS = "$(ARCHS_STANDARD_32_BIT)";
				COPY_PHASE_STRIP = YES;
				GCC_C_LANGUAGE_STANDARD = gnu99;
				GCC_VERSION = com.apple.compilers.llvm.clang.1_0;
				GCC_WARN_ABOUT_MISSING_PROTOTYPES = YES;
				GCC_WARN_ABOUT_RETURN_TYPE = YES;
				GCC_WARN_UNUSED_VARIABLE = YES;
				IPHONEOS_DEPLOYMENT_TARGET = 5.0;
				SDKROOT = iphoneos;
				VALIDATE_PRODUCT = YES;
			};
			name = Release;
		};
		96DAB7211472542F0059345C /* Debug */ = {
			isa = XCBuildConfiguration;
			buildSettings = {
				DSTROOT = /tmp/AppBand.dst;
				GCC_PRECOMPILE_PREFIX_HEADER = YES;
				GCC_PREFIX_HEADER = "AppBand/AppBand-Prefix.pch";
				OTHER_LDFLAGS = "-ObjC";
				PRODUCT_NAME = "$(TARGET_NAME)";
				SKIP_INSTALL = YES;
			};
			name = Debug;
		};
		96DAB7221472542F0059345C /* Release */ = {
			isa = XCBuildConfiguration;
			buildSettings = {
				DSTROOT = /tmp/AppBand.dst;
				GCC_PRECOMPILE_PREFIX_HEADER = YES;
				GCC_PREFIX_HEADER = "AppBand/AppBand-Prefix.pch";
				OTHER_LDFLAGS = "-ObjC";
				PRODUCT_NAME = "$(TARGET_NAME)";
				SKIP_INSTALL = YES;
			};
			name = Release;
		};
		96DAB7241472542F0059345C /* Debug */ = {
			isa = XCBuildConfiguration;
			buildSettings = {
				FRAMEWORK_SEARCH_PATHS = (
					"$(SDKROOT)/Developer/Library/Frameworks",
					"$(DEVELOPER_LIBRARY_DIR)/Frameworks",
				);
				GCC_PRECOMPILE_PREFIX_HEADER = YES;
				GCC_PREFIX_HEADER = "AppBand/AppBand-Prefix.pch";
				INFOPLIST_FILE = "AppBandTests/AppBandTests-Info.plist";
				PRODUCT_NAME = "$(TARGET_NAME)";
				WRAPPER_EXTENSION = octest;
			};
			name = Debug;
		};
		96DAB7251472542F0059345C /* Release */ = {
			isa = XCBuildConfiguration;
			buildSettings = {
				FRAMEWORK_SEARCH_PATHS = (
					"$(SDKROOT)/Developer/Library/Frameworks",
					"$(DEVELOPER_LIBRARY_DIR)/Frameworks",
				);
				GCC_PRECOMPILE_PREFIX_HEADER = YES;
				GCC_PREFIX_HEADER = "AppBand/AppBand-Prefix.pch";
				INFOPLIST_FILE = "AppBandTests/AppBandTests-Info.plist";
				PRODUCT_NAME = "$(TARGET_NAME)";
				WRAPPER_EXTENSION = octest;
			};
			name = Release;
		};
/* End XCBuildConfiguration section */

/* Begin XCConfigurationList section */
		96DAB6F61472542F0059345C /* Build configuration list for PBXProject "AppBand" */ = {
			isa = XCConfigurationList;
			buildConfigurations = (
				96DAB71E1472542F0059345C /* Debug */,
				96DAB71F1472542F0059345C /* Release */,
			);
			defaultConfigurationIsVisible = 0;
			defaultConfigurationName = Release;
		};
		96DAB7201472542F0059345C /* Build configuration list for PBXNativeTarget "AppBand" */ = {
			isa = XCConfigurationList;
			buildConfigurations = (
				96DAB7211472542F0059345C /* Debug */,
				96DAB7221472542F0059345C /* Release */,
			);
			defaultConfigurationIsVisible = 0;
			defaultConfigurationName = Release;
		};
		96DAB7231472542F0059345C /* Build configuration list for PBXNativeTarget "AppBandTests" */ = {
			isa = XCConfigurationList;
			buildConfigurations = (
				96DAB7241472542F0059345C /* Debug */,
				96DAB7251472542F0059345C /* Release */,
			);
			defaultConfigurationIsVisible = 0;
			defaultConfigurationName = Release;
		};
/* End XCConfigurationList section */
	};
	rootObject = 96DAB6F31472542F0059345C /* Project object */;
}
